
Microsoft Visual Studio Solution File, Format Version 12.00
# Visual Studio Version 17
VisualStudioVersion = 17.6.33829.357
MinimumVisualStudioVersion = 10.0.40219.1
Project("{FAE04EC0-301F-11D3-BF4B-00C04F79EFBC}") = "ProductConsole", "ProductConsole\ProductConsole.csproj", "{BBDB4077-0942-47A2-9079-9F1D33551481}"
EndProject
Global
	GlobalSection(SolutionConfigurationPlatforms) = preSolution
		Debug|Any CPU = Debug|Any CPU
		Release|Any CPU = Release|Any CPU
	EndGlobalSection
	GlobalSection(ProjectConfigurationPlatforms) = postSolution
		{BBDB4077-0942-47A2-9079-9F1D33551481}.Debug|Any CPU.ActiveCfg = Debug|Any CPU
		{BBDB4077-0942-47A2-9079-9F1D33551481}.Debug|Any CPU.Build.0 = Debug|Any CPU
		{BBDB4077-0942-47A2-9079-9F1D33551481}.Release|Any CPU.ActiveCfg = Release|Any CPU
		{BBDB4077-0942-47A2-9079-9F1D33551481}.Release|Any CPU.Build.0 = Release|Any CPU
	EndGlobalSection
	GlobalSection(SolutionProperties) = preSolution
		HideSolutionNode = FALSE
	EndGlobalSection
	GlobalSection(ExtensibilityGlobals) = postSolution
		SolutionGuid = {5C9EA76B-26C4-45EA-AD66-F82D41B25F90}
	EndGlobalSection
EndGlobal
